
Microsoft Visual Studio Solution File, Format Version 12.00
# Visual Studio Version 16
VisualStudioVersion = 16.0.31129.286
MinimumVisualStudioVersion = 10.0.40219.1
Project("{FAE04EC0-301F-11D3-BF4B-00C04F79EFBC}") = "GenericTree", "GenericTree\GenericTree.csproj", "{990D2D7E-343F-48AD-B045-D2FFBB413DBB}"
EndProject
Global
	GlobalSection(SolutionConfigurationPlatforms) = preSolution
		Debug|Any CPU = Debug|Any CPU
		Release|Any CPU = Release|Any CPU
	EndGlobalSection
	GlobalSection(ProjectConfigurationPlatforms) = postSolution
		{990D2D7E-343F-48AD-B045-D2FFBB413DBB}.Debug|Any CPU.ActiveCfg = Debug|Any CPU
		{990D2D7E-343F-48AD-B045-D2FFBB413DBB}.Debug|Any CPU.Build.0 = Debug|Any CPU
		{990D2D7E-343F-48AD-B045-D2FFBB413DBB}.Release|Any CPU.ActiveCfg = Release|Any CPU
		{990D2D7E-343F-48AD-B045-D2FFBB413DBB}.Release|Any CPU.Build.0 = Release|Any CPU
	EndGlobalSection
	GlobalSection(SolutionProperties) = preSolution
		HideSolutionNode = FALSE
	EndGlobalSection
	GlobalSection(ExtensibilityGlobals) = postSolution
		SolutionGuid = {4212EB75-5F29-4DDA-8AF1-4021BEF0F343}
	EndGlobalSection
EndGlobal
